
Microsoft Visual Studio Solution File, Format Version 12.00
# Visual Studio 2013
VisualStudioVersion = 12.0.30723.0
MinimumVisualStudioVersion = 10.0.40219.1
Project("{2150E333-8FDC-42A3-9474-1A3956D46DE8}") = "Solution Items", "Solution Items", "{EC944BB4-BB2A-4976-840B-45AEE01F955A}"
	ProjectSection(SolutionItems) = preProject
		index.html = index.html
	EndProjectSection
EndProject
Project("{2150E333-8FDC-42A3-9474-1A3956D46DE8}") = "System", "System", "{2818A7BC-828C-4699-9F20-25395FAC0F2F}"
EndProject
Project("{2150E333-8FDC-42A3-9474-1A3956D46DE8}") = "Data", "Data", "{78A16485-A3BC-45A4-8910-8B13482CD032}"
EndProject
Project("{2150E333-8FDC-42A3-9474-1A3956D46DE8}") = "Collections", "Collections", "{FF62B8D2-6C8F-427C-957A-760C15D58097}"
EndProject
Project("{2150E333-8FDC-42A3-9474-1A3956D46DE8}") = "Generic", "Generic", "{1BAC03EC-9D8C-4B00-A2A7-4BB08D4AC623}"
	ProjectSection(SolutionItems) = preProject
		System\Collections\Generic\List.js = System\Collections\Generic\List.js
		System\Collections\Generic\List.min.js = System\Collections\Generic\List.min.js
	EndProjectSection
EndProject
Global
	GlobalSection(SolutionProperties) = preSolution
		HideSolutionNode = FALSE
	EndGlobalSection
	GlobalSection(NestedProjects) = preSolution
		{2818A7BC-828C-4699-9F20-25395FAC0F2F} = {EC944BB4-BB2A-4976-840B-45AEE01F955A}
		{78A16485-A3BC-45A4-8910-8B13482CD032} = {2818A7BC-828C-4699-9F20-25395FAC0F2F}
		{FF62B8D2-6C8F-427C-957A-760C15D58097} = {2818A7BC-828C-4699-9F20-25395FAC0F2F}
		{1BAC03EC-9D8C-4B00-A2A7-4BB08D4AC623} = {FF62B8D2-6C8F-427C-957A-760C15D58097}
	EndGlobalSection
EndGlobal
